# This file is automatically @generated by Poetry 1.8.3 and should not be changed by hand.

[[package]]
name = "atomicwrites"
version = "1.4.1"
description = "Atomic file writes."
optional = false
python-versions = ">=2.7, !=3.0.*, !=3.1.*, !=3.2.*, !=3.3.*"
files = [
    {file = "atomicwrites-1.4.1.tar.gz", hash = "sha256:81b2c9071a49367a7f770170e5eec8cb66567cfbbc8c73d20ce5ca4a8d71cf11"},
]

[[package]]
name = "attrs"
version = "24.2.0"
description = "Classes Without Boilerplate"
optional = false
python-versions = ">=3.7"
files = [
    {file = "attrs-24.2.0-py3-none-any.whl", hash = "sha256:81921eb96de3191c8258c199618104dd27ac608d9366f5e35d011eae1867ede2"},
    {file = "attrs-24.2.0.tar.gz", hash = "sha256:5cfb1b9148b5b086569baec03f20d7b6bf3bcacc9a42bebf87ffaaca362f6346"},
]

[package.extras]
benchmark = ["cloudpickle", "hypothesis", "mypy (>=1.11.1)", "pympler", "pytest (>=4.3.0)", "pytest-codspeed", "pytest-mypy-plugins", "pytest-xdist[psutil]"]
cov = ["cloudpickle", "coverage[toml] (>=5.3)", "hypothesis", "mypy (>=1.11.1)", "pympler", "pytest (>=4.3.0)", "pytest-mypy-plugins", "pytest-xdist[psutil]"]
dev = ["cloudpickle", "hypothesis", "mypy (>=1.11.1)", "pre-commit", "pympler", "pytest (>=4.3.0)", "pytest-mypy-plugins", "pytest-xdist[psutil]"]
docs = ["cogapp", "furo", "myst-parser", "sphinx", "sphinx-notfound-page", "sphinxcontrib-towncrier", "towncrier (<24.7)"]
tests = ["cloudpickle", "hypothesis", "mypy (>=1.11.1)", "pympler", "pytest (>=4.3.0)", "pytest-mypy-plugins", "pytest-xdist[psutil]"]
tests-mypy = ["mypy (>=1.11.1)", "pytest-mypy-plugins"]

[[package]]
name = "click"
version = "8.1.7"
description = "Composable command line interface toolkit"
optional = false
python-versions = ">=3.7"
files = [
    {file = "click-8.1.7-py3-none-any.whl", hash = "sha256:ae74fb96c20a0277a1d615f1e4d73c8414f5a98db8b799a7931d1582f3390c28"},
    {file = "click-8.1.7.tar.gz", hash = "sha256:ca9853ad459e787e2192211578cc907e7594e294c7ccc834310722b41b9ca6de"},
]

[package.dependencies]
colorama = {version = "*", markers = "platform_system == \"Windows\""}

[[package]]
name = "colorama"
version = "0.4.6"
description = "Cross-platform colored terminal text."
optional = false
python-versions = "!=3.0.*,!=3.1.*,!=3.2.*,!=3.3.*,!=3.4.*,!=3.5.*,!=3.6.*,>=2.7"
files = [
    {file = "colorama-0.4.6-py2.py3-none-any.whl", hash = "sha256:4f1d9991f5acc0ca119f9d443620b77f9d6b33703e51011c16baf57afb285fc6"},
    {file = "colorama-0.4.6.tar.gz", hash = "sha256:08695f5cb7ed6e0531a20572697297273c47b8cae5a63ffc6d6ed5c201be6e44"},
]

[[package]]
name = "iniconfig"
version = "2.0.0"
description = "brain-dead simple config-ini parsing"
optional = false
python-versions = ">=3.7"
files = [
    {file = "iniconfig-2.0.0-py3-none-any.whl", hash = "sha256:b6a85871a79d2e3b22d2d1b94ac2824226a63c6b741c88f7ae975f18b6778374"},
    {file = "iniconfig-2.0.0.tar.gz", hash = "sha256:2d91e135bf72d31a410b17c16da610a82cb55f6b0477d1a902134b24a455b8b3"},
]

[[package]]
name = "mysql-connector-python"
version = "9.0.0"
description = "MySQL driver written in Python"
optional = false
python-versions = ">=3.8"
files = [
    {file = "mysql-connector-python-9.0.0.tar.gz", hash = "sha256:8a404db37864acca43fd76222d1fbc7ff8d17d4ce02d803289c2141c2693ce9e"},
    {file = "mysql_connector_python-9.0.0-cp310-cp310-macosx_13_0_arm64.whl", hash = "sha256:72bfd0213364c2bea0244f6432ababb2f204cff43f4f886c65dca2be11f536ee"},
    {file = "mysql_connector_python-9.0.0-cp310-cp310-macosx_13_0_x86_64.whl", hash = "sha256:052058cf3dc0bf183ab522132f3b18a614a26f3e392ae886efcdab38d4f4fc42"},
    {file = "mysql_connector_python-9.0.0-cp310-cp310-manylinux_2_17_aarch64.whl", hash = "sha256:f41cb8da8bb487ed60329ac31789c50621f0e6d2c26abc7d4ae2383838fb1b93"},
    {file = "mysql_connector_python-9.0.0-cp310-cp310-manylinux_2_17_x86_64.whl", hash = "sha256:67fc2b2e67a63963c633fc884f285a8de5a626967a3cc5f5d48ac3e8d15b122d"},
    {file = "mysql_connector_python-9.0.0-cp310-cp310-win_amd64.whl", hash = "sha256:933c3e39d30cc6f9ff636d27d18aa3f1341b23d803ade4b57a76f91c26d14066"},
    {file = "mysql_connector_python-9.0.0-cp311-cp311-macosx_13_0_arm64.whl", hash = "sha256:7af7f68198f2aca3a520e1201fe2b329331e0ca19a481f3b3451cb0746f56c01"},
    {file = "mysql_connector_python-9.0.0-cp311-cp311-macosx_13_0_x86_64.whl", hash = "sha256:38c229d76cd1dea8465357855f2b2842b7a9b201f17dea13b0eab7d3b9d6ad74"},
    {file = "mysql_connector_python-9.0.0-cp311-cp311-manylinux_2_17_aarch64.whl", hash = "sha256:c01aad36f0c34ca3f642018be37fd0d55c546f088837cba88f1a1aff408c63dd"},
    {file = "mysql_connector_python-9.0.0-cp311-cp311-manylinux_2_17_x86_64.whl", hash = "sha256:853c5916d188ef2c357a474e15ac81cafae6085e599ceb9b2b0bcb9104118e63"},
    {file = "mysql_connector_python-9.0.0-cp311-cp311-win_amd64.whl", hash = "sha256:134b71e439e2eafaee4c550365221ae2890dd54fb76227c64a87a94a07fe79b4"},
    {file = "mysql_connector_python-9.0.0-cp312-cp312-macosx_13_0_arm64.whl", hash = "sha256:9199d6ecc81576602990178f0c2fb71737c53a598c8a2f51e1097a53fcfaee40"},
    {file = "mysql_connector_python-9.0.0-cp312-cp312-macosx_13_0_x86_64.whl", hash = "sha256:b267a6c000b7f98e6436a9acefa5582a9662e503b0632a2562e3093a677f6845"},
    {file = "mysql_connector_python-9.0.0-cp312-cp312-manylinux_2_17_aarch64.whl", hash = "sha256:ac92b2f2a9307ac0c4aafdfcf7ecf01ec92dfebd9140f8c95353adfbf5822cd4"},
    {file = "mysql_connector_python-9.0.0-cp312-cp312-manylinux_2_17_x86_64.whl", hash = "sha256:ced1fa55e653d28f66c4f3569ed524d4d92098119dcd80c2fa026872a30eba55"},
    {file = "mysql_connector_python-9.0.0-cp312-cp312-win_amd64.whl", hash = "sha256:ca8349fe56ce39498d9b5ca8eabba744774e94d85775259f26a43a03e8825429"},
    {file = "mysql_connector_python-9.0.0-cp38-cp38-macosx_13_0_x86_64.whl", hash = "sha256:a48534b881c176557ddc78527c8c75b4c9402511e972670ad33c5e49d31eddfe"},
    {file = "mysql_connector_python-9.0.0-cp38-cp38-manylinux_2_17_aarch64.whl", hash = "sha256:e90a7b96ce2c6a60f6e2609b0c83f45bd55e144cc7c2a9714e344938827da363"},
    {file = "mysql_connector_python-9.0.0-cp38-cp38-manylinux_2_17_x86_64.whl", hash = "sha256:2a8f451c4d700802fdfe515890c14974766c322213df2ceed3b27752929dc70f"},
    {file = "mysql_connector_python-9.0.0-cp38-cp38-win_amd64.whl", hash = "sha256:2dcf05355315e5c7c81e9eca34395d78f29c4da3662e869e42dd7b16380f92ce"},
    {file = "mysql_connector_python-9.0.0-cp39-cp39-macosx_13_0_arm64.whl", hash = "sha256:823190e7f2a9b4bcc574ab6bb72a33802933e1a8c171594faad90162d2d27758"},
    {file = "mysql_connector_python-9.0.0-cp39-cp39-macosx_13_0_x86_64.whl", hash = "sha256:b8639d8aa381a7d19b92ca1a32448f09baaf80787e50187d1f7d072191430768"},
    {file = "mysql_connector_python-9.0.0-cp39-cp39-manylinux_2_17_aarch64.whl", hash = "sha256:a688ea65b2ea771b9b69dc409377240a7cab7c1aafef46cd75219d5a94ba49e0"},
    {file = "mysql_connector_python-9.0.0-cp39-cp39-manylinux_2_17_x86_64.whl", hash = "sha256:6d92c58f71c691f86ad35bb2f3e13d7a9cc1c84ce0b04c146e5980e450faeff1"},
    {file = "mysql_connector_python-9.0.0-cp39-cp39-win_amd64.whl", hash = "sha256:eacc353dcf6f39665d4ca3311ded5ddae0f5a117f03107991d4185ffa59fd890"},
    {file = "mysql_connector_python-9.0.0-py2.py3-none-any.whl", hash = "sha256:016d81bb1499dee8b77c82464244e98f10d3671ceefb4023adc559267d1fad50"},
]

[package.extras]
dns-srv = ["dnspython (==2.6.1)"]
fido2 = ["fido2 (==1.1.2)"]
gssapi = ["gssapi (>=1.6.9,<=1.8.2)"]
telemetry = ["opentelemetry-api (==1.18.0)", "opentelemetry-exporter-otlp-proto-http (==1.18.0)", "opentelemetry-sdk (==1.18.0)"]

[[package]]
name = "packaging"
version = "24.1"
description = "Core utilities for Python packages"
optional = false
python-versions = ">=3.8"
files = [
    {file = "packaging-24.1-py3-none-any.whl", hash = "sha256:5b8f2217dbdbd2f7f384c41c628544e6d52f2d0f53c6d0c3ea61aa5d1d7ff124"},
    {file = "packaging-24.1.tar.gz", hash = "sha256:026ed72c8ed3fcce5bf8950572258698927fd1dbda10a5e981cdf0ac37f4f002"},
]

[[package]]
name = "pluggy"
version = "1.5.0"
description = "plugin and hook calling mechanisms for python"
optional = false
python-versions = ">=3.8"
files = [
    {file = "pluggy-1.5.0-py3-none-any.whl", hash = "sha256:44e1ad92c8ca002de6377e165f3e0f1be63266ab4d554740532335b9d75ea669"},
    {file = "pluggy-1.5.0.tar.gz", hash = "sha256:2cffa88e94fdc978c4c574f15f9e59b7f4201d439195c3715ca9e2486f1d0cf1"},
]

[package.extras]
dev = ["pre-commit", "tox"]
testing = ["pytest", "pytest-benchmark"]

[[package]]
name = "py"
version = "1.11.0"
description = "library with cross-python path, ini-parsing, io, code, log facilities"
optional = false
python-versions = ">=2.7, !=3.0.*, !=3.1.*, !=3.2.*, !=3.3.*, !=3.4.*"
files = [
    {file = "py-1.11.0-py2.py3-none-any.whl", hash = "sha256:607c53218732647dff4acdfcd50cb62615cedf612e72d1724fb1a0cc6405b378"},
    {file = "py-1.11.0.tar.gz", hash = "sha256:51c75c4126074b472f746a24399ad32f6053d1b34b68d2fa41e558e6f4a98719"},
]

[[package]]
name = "pytest"
version = "6.2.5"
description = "pytest: simple powerful testing with Python"
optional = false
python-versions = ">=3.6"
files = [
    {file = "pytest-6.2.5-py3-none-any.whl", hash = "sha256:7310f8d27bc79ced999e760ca304d69f6ba6c6649c0b60fb0e04a4a77cacc134"},
    {file = "pytest-6.2.5.tar.gz", hash = "sha256:131b36680866a76e6781d13f101efb86cf674ebb9762eb70d3082b6f29889e89"},
]

[package.dependencies]
atomicwrites = {version = ">=1.0", markers = "sys_platform == \"win32\""}
attrs = ">=19.2.0"
colorama = {version = "*", markers = "sys_platform == \"win32\""}
iniconfig = "*"
packaging = "*"
pluggy = ">=0.12,<2.0"
py = ">=1.8.2"
toml = "*"

[package.extras]
testing = ["argcomplete", "hypothesis (>=3.56)", "mock", "nose", "requests", "xmlschema"]

[[package]]
name = "schedule"
version = "1.2.2"
description = "Job scheduling for humans."
optional = false
python-versions = ">=3.7"
files = [
    {file = "schedule-1.2.2-py3-none-any.whl", hash = "sha256:5bef4a2a0183abf44046ae0d164cadcac21b1db011bdd8102e4a0c1e91e06a7d"},
    {file = "schedule-1.2.2.tar.gz", hash = "sha256:15fe9c75fe5fd9b9627f3f19cc0ef1420508f9f9a46f45cd0769ef75ede5f0b7"},
]

[package.extras]
timezone = ["pytz"]

[[package]]
name = "toml"
version = "0.10.2"
description = "Python Library for Tom's Obvious, Minimal Language"
optional = false
python-versions = ">=2.6, !=3.0.*, !=3.1.*, !=3.2.*"
files = [
    {file = "toml-0.10.2-py2.py3-none-any.whl", hash = "sha256:806143ae5bfb6a3c6e736a764057db0e6a0e05e338b5630894a5f779cabb4f9b"},
    {file = "toml-0.10.2.tar.gz", hash = "sha256:b3bda1d108d5dd99f4a20d24d9c348e91c4db7ab1b749200bded2f839ccbe68f"},
]

[metadata]
lock-version = "2.0"
python-versions = "^3.11"
content-hash = "b66933211ba03c2b3157435ca01c63fadd2484e5caa8ac7559f03e371cd6e6d1"
